// !$*UTF8*$!
{
	archiveVersion = 1;
	classes = {
	};
	objectVersion = 46;
	objects = {

/* Begin PBXBuildFile section */
		C7647FC41F86074700B24267 /* AppDelegate.swift in Sources */ = {isa = PBXBuildFile; fileRef = C7647FC31F86074700B24267 /* AppDelegate.swift */; };
		C7647FC61F86074700B24267 /* ViewController.swift in Sources */ = {isa = PBXBuildFile; fileRef = C7647FC51F86074700B24267 /* ViewController.swift */; };
		C7647FC91F86074700B24267 /* Main.storyboard in Resources */ = {isa = PBXBuildFile; fileRef = C7647FC71F86074700B24267 /* Main.storyboard */; };
		C7647FCB1F86074700B24267 /* Assets.xcassets in Resources */ = {isa = PBXBuildFile; fileRef = C7647FCA1F86074700B24267 /* Assets.xcassets */; };
		C7647FCE1F86074700B24267 /* LaunchScreen.storyboard in Resources */ = {isa = PBXBuildFile; fileRef = C7647FCC1F86074700B24267 /* LaunchScreen.storyboard */; };
/* End PBXBuildFile section */

/* Begin PBXFileReference section */
		C7647FC01F86074700B24267 /* Peripheral.app */ = {isa = PBXFileReference; explicitFileType = wrapper.application; includeInIndex = 0; path = Peripheral.app; sourceTree = BUILT_PRODUCTS_DIR; };
		C7647FC31F86074700B24267 /* AppDelegate.swift */ = {isa = PBXFileReference; lastKnownFileType = sourcecode.swift; path = AppDelegate.swift; sourceTree = "<group>"; };
		C7647FC51F86074700B24267 /* ViewController.swift */ = {isa = PBXFileReference; lastKnownFileType = sourcecode.swift; path = ViewController.swift; sourceTree = "<group>"; };
		C7647FC81F86074700B24267 /* Base */ = {isa = PBXFileReference; lastKnownFileType = file.storyboard; name = Base; path = Base.lproj/Main.storyboard; sourceTree = "<group>"; };
		C7647FCA1F86074700B24267 /* Assets.xcassets */ = {isa = PBXFileReference; lastKnownFileType = folder.assetcatalog; path = Assets.xcassets; sourceTree = "<group>"; };
		C7647FCD1F86074700B24267 /* Base */ = {isa = PBXFileReference; lastKnownFileType = file.storyboard; name = Base; path = Base.lproj/LaunchScreen.storyboard; sourceTree = "<group>"; };
		C7647FCF1F86074700B24267 /* Info.plist */ = {isa = PBXFileReference; lastKnownFileType = text.plist.xml; path = Info.plist; sourceTree = "<group>"; };
/* End PBXFileReference section */

/* Begin PBXFrameworksBuildPhase section */
		C7647FBD1F86074700B24267 /* Frameworks */ = {
			isa = PBXFrameworksBuildPhase;
			buildActionMask = 2147483647;
			files = (
			);
			runOnlyForDeploymentPostprocessing = 0;
		};
/* End PBXFrameworksBuildPhase section */

/* Begin PBXGroup section */
		C7647FB71F86074700B24267 = {
			isa = PBXGroup;
			children = (
				C7647FC21F86074700B24267 /* Peripheral */,
				C7647FC11F86074700B24267 /* Products */,
			);
			sourceTree = "<group>";
		};
		C7647FC11F86074700B24267 /* Products */ = {
			isa = PBXGroup;
			children = (
				C7647FC01F86074700B24267 /* Peripheral.app */,
			);
			name = Products;
			sourceTree = "<group>";
		};
		C7647FC21F86074700B24267 /* Peripheral */ = {
			isa = PBXGroup;
			children = (
				C7647FC31F86074700B24267 /* AppDelegate.swift */,
				C7647FC51F86074700B24267 /* ViewController.swift */,
				C7647FC71F86074700B24267 /* Main.storyboard */,
				C7647FCA1F86074700B24267 /* Assets.xcassets */,
				C7647FCC1F86074700B24267 /* LaunchScreen.storyboard */,
				C7647FCF1F86074700B24267 /* Info.plist */,
			);
			path = Peripheral;
			sourceTree = "<group>";
		};
/* End PBXGroup section */

/* Begin PBXNativeTarget section */
		C7647FBF1F86074700B24267 /* Peripheral */ = {
			isa = PBXNativeTarget;
			buildConfigurationList = C7647FD21F86074700B24267 /* Build configuration list for PBXNativeTarget "Peripheral" */;
			buildPhases = (
				C7647FBC1F86074700B24267 /* Sources */,
				C7647FBD1F86074700B24267 /* Frameworks */,
				C7647FBE1F86074700B24267 /* Resources */,
			);
			buildRules = (
			);
			dependencies = (
			);
			name = Peripheral;
			productName = Peripheral;
			productReference = C7647FC01F86074700B24267 /* Peripheral.app */;
			productType = "com.apple.product-type.application";
		};
/* End PBXNativeTarget section */

/* Begin PBXProject section */
		C7647FB81F86074700B24267 /* Project object */ = {
			isa = PBXProject;
			attributes = {
				LastSwiftUpdateCheck = 0830;
				LastUpgradeCheck = 0830;
				ORGANIZATIONNAME = JasonHuang;
				TargetAttributes = {
					C7647FBF1F86074700B24267 = {
						CreatedOnToolsVersion = 8.3.3;
						DevelopmentTeam = D4978U5MH6;
						ProvisioningStyle = Automatic;
					};
				};
			};
			buildConfigurationList = C7647FBB1F86074700B24267 /* Build configuration list for PBXProject "Peripheral" */;
			compatibilityVersion = "Xcode 3.2";
			developmentRegion = English;
			hasScannedForEncodings = 0;
			knownRegions = (
				en,
				Base,
			);
			mainGroup = C7647FB71F86074700B24267;
			productRefGroup = C7647FC11F86074700B24267 /* Products */;
			projectDirPath = "";
			projectRoot = "";
			targets = (
				C7647FBF1F86074700B24267 /* Peripheral */,
			);
		};
/* End PBXProject section */

/* Begin PBXResourcesBuildPhase section */
		C7647FBE1F86074700B24267 /* Resources */ = {
			isa = PBXResourcesBuildPhase;
			buildActionMask = 2147483647;
			files = (
				C7647FCE1F86074700B24267 /* LaunchScreen.storyboard in Resources */,
				C7647FCB1F86074700B24267 /* Assets.xcassets in Resources */,
				C7647FC91F86074700B24267 /* Main.storyboard in Resources */,
			);
			runOnlyForDeploymentPostprocessing = 0;
		};
/* End PBXResourcesBuildPhase section */

/* Begin PBXSourcesBuildPhase section */
		C7647FBC1F86074700B24267 /* Sources */ = {
			isa = PBXSourcesBuildPhase;
			buildActionMask = 2147483647;
			files = (
				C7647FC61F86074700B24267 /* ViewController.swift in Sources */,
				C7647FC41F86074700B24267 /* AppDelegate.swift in Sources */,
			);
			runOnlyForDeploymentPostprocessing = 0;
		};
/* End PBXSourcesBuildPhase section */

/* Begin PBXVariantGroup section */
		C7647FC71F86074700B24267 /* Main.storyboard */ = {
			isa = PBXVariantGroup;
			children = (
				C7647FC81F86074700B24267 /* Base */,
			);
			name = Main.storyboard;
			sourceTree = "<group>";
		};
		C7647FCC1F86074700B24267 /* LaunchScreen.storyboard */ = {
			isa = PBXVariantGroup;
			children = (
				C7647FCD1F86074700B24267 /* Base */,
			);
			name = LaunchScreen.storyboard;
			sourceTree = "<group>";
		};
/* End PBXVariantGroup section */

/* Begin XCBuildConfiguration section */
		C7647FD01F86074700B24267 /* Debug */ = {
			isa = XCBuildConfiguration;
			buildSettings = {
				ALWAYS_SEARCH_USER_PATHS = NO;
				CLANG_ANALYZER_NONNULL = YES;
				CLANG_ANALYZER_NUMBER_OBJECT_CONVERSION = YES_AGGRESSIVE;
				CLANG_CXX_LANGUAGE_STANDARD = "gnu++0x";
				CLANG_CXX_LIBRARY = "libc++";
				CLANG_ENABLE_MODULES = YES;
				CLANG_ENABLE_OBJC_ARC = YES;
				CLANG_WARN_BOOL_CONVERSION = YES;
				CLANG_WARN_CONSTANT_CONVERSION = YES;
				CLANG_WARN_DIRECT_OBJC_ISA_USAGE = YES_ERROR;
				CLANG_WARN_DOCUMENTATION_COMMENTS = YES;
				CLANG_WARN_EMPTY_BODY = YES;
				CLANG_WARN_ENUM_CONVERSION = YES;
				CLANG_WARN_INFINITE_RECURSION = YES;
				CLANG_WARN_INT_CONVERSION = YES;
				CLANG_WARN_OBJC_ROOT_CLASS = YES_ERROR;
				CLANG_WARN_SUSPICIOUS_MOVE = YES;
				CLANG_WARN_UNREACHABLE_CODE = YES;
				CLANG_WARN__DUPLICATE_METHOD_MATCH = YES;
				"CODE_SIGN_IDENTITY[sdk=iphoneos*]" = "iPhone Developer";
				COPY_PHASE_STRIP = NO;
				DEBUG_INFORMATION_FORMAT = dwarf;
				ENABLE_STRICT_OBJC_MSGSEND = YES;
				ENABLE_TESTABILITY = YES;
				GCC_C_LANGUAGE_STANDARD = gnu99;
				GCC_DYNAMIC_NO_PIC = NO;
				GCC_NO_COMMON_BLOCKS = YES;
				GCC_OPTIMIZATION_LEVEL = 0;
				GCC_PREPROCESSOR_DEFINITIONS = (
					"DEBUG=1",
					"$(inherited)",
				);
				GCC_WARN_64_TO_32_BIT_CONVERSION = YES;
				GCC_WARN_ABOUT_RETURN_TYPE = YES_ERROR;
				GCC_WARN_UNDECLARED_SELECTOR = YES;
				GCC_WARN_UNINITIALIZED_AUTOS = YES_AGGRESSIVE;
				GCC_WARN_UNUSED_FUNCTION = YES;
				GCC_WARN_UNUSED_VARIABLE = YES;
				IPHONEOS_DEPLOYMENT_TARGET = 10.3;
				MTL_ENABLE_DEBUG_INFO = YES;
				ONLY_ACTIVE_ARCH = YES;
				SDKROOT = iphoneos;
				SWIFT_ACTIVE_COMPILATION_CONDITIONS = DEBUG;
				SWIFT_OPTIMIZATION_LEVEL = "-Onone";
			};
			name = Debug;
		};
		C7647FD11F86074700B24267 /* Release */ = {
			isa = XCBuildConfiguration;
			buildSettings = {
				ALWAYS_SEARCH_USER_PATHS = NO;
				CLANG_ANALYZER_NONNULL = YES;
				CLANG_ANALYZER_NUMBER_OBJECT_CONVERSION = YES_AGGRESSIVE;
				CLANG_CXX_LANGUAGE_STANDARD = "gnu++0x";
				CLANG_CXX_LIBRARY = "libc++";
				CLANG_ENABLE_MODULES = YES;
				CLANG_ENABLE_OBJC_ARC = YES;
				CLANG_WARN_BOOL_CONVERSION = YES;
				CLANG_WARN_CONSTANT_CONVERSION = YES;
				CLANG_WARN_DIRECT_OBJC_ISA_USAGE = YES_ERROR;
				CLANG_WARN_DOCUMENTATION_COMMENTS = YES;
				CLANG_WARN_EMPTY_BODY = YES;
				CLANG_WARN_ENUM_CONVERSION = YES;
				CLANG_WARN_INFINITE_RECURSION = YES;
				CLANG_WARN_INT_CONVERSION = YES;
				CLANG_WARN_OBJC_ROOT_CLASS = YES_ERROR;
				CLANG_WARN_SUSPICIOUS_MOVE = YES;
				CLANG_WARN_UNREACHABLE_CODE = YES;
				CLANG_WARN__DUPLICATE_METHOD_MATCH = YES;
				"CODE_SIGN_IDENTITY[sdk=iphoneos*]" = "iPhone Developer";
				COPY_PHASE_STRIP = NO;
				DEBUG_INFORMATION_FORMAT = "dwarf-with-dsym";
				ENABLE_NS_ASSERTIONS = NO;
				ENABLE_STRICT_OBJC_MSGSEND = YES;
				GCC_C_LANGUAGE_STANDARD = gnu99;
				GCC_NO_COMMON_BLOCKS = YES;
				GCC_WARN_64_TO_32_BIT_CONVERSION = YES;
				GCC_WARN_ABOUT_RETURN_TYPE = YES_ERROR;
				GCC_WARN_UNDECLARED_SELECTOR = YES;
				GCC_WARN_UNINITIALIZED_AUTOS = YES_AGGRESSIVE;
				GCC_WARN_UNUSED_FUNCTION = YES;
				GCC_WARN_UNUSED_VARIABLE = YES;
				IPHONEOS_DEPLOYMENT_TARGET = 10.3;
				MTL_ENABLE_DEBUG_INFO = NO;
				SDKROOT = iphoneos;
				SWIFT_OPTIMIZATION_LEVEL = "-Owholemodule";
				VALIDATE_PRODUCT = YES;
			};
			name = Release;
		};
		C7647FD31F86074700B24267 /* Debug */ = {
			isa = XCBuildConfiguration;
			buildSettings = {
				ASSETCATALOG_COMPILER_APPICON_NAME = AppIcon;
				DEVELOPMENT_TEAM = D4978U5MH6;
				INFOPLIST_FILE = Peripheral/Info.plist;
				LD_RUNPATH_SEARCH_PATHS = "$(inherited) @executable_path/Frameworks";
				PRODUCT_BUNDLE_IDENTIFIER = JasonHuang.Peripheral;
				PRODUCT_NAME = "$(TARGET_NAME)";
				SWIFT_VERSION = 3.0;
			};
			name = Debug;
		};
		C7647FD41F86074700B24267 /* Release */ = {
			isa = XCBuildConfiguration;
			buildSettings = {
				ASSETCATALOG_COMPILER_APPICON_NAME = AppIcon;
				DEVELOPMENT_TEAM = D4978U5MH6;
				INFOPLIST_FILE = Peripheral/Info.plist;
				LD_RUNPATH_SEARCH_PATHS = "$(inherited) @executable_path/Frameworks";
				PRODUCT_BUNDLE_IDENTIFIER = JasonHuang.Peripheral;
				PRODUCT_NAME = "$(TARGET_NAME)";
				SWIFT_VERSION = 3.0;
			};
			name = Release;
		};
/* End XCBuildConfiguration section */

/* Begin XCConfigurationList section */
		C7647FBB1F86074700B24267 /* Build configuration list for PBXProject "Peripheral" */ = {
			isa = XCConfigurationList;
			buildConfigurations = (
				C7647FD01F86074700B24267 /* Debug */,
				C7647FD11F86074700B24267 /* Release */,
			);
			defaultConfigurationIsVisible = 0;
			defaultConfigurationName = Release;
		};
		C7647FD21F86074700B24267 /* Build configuration list for PBXNativeTarget "Peripheral" */ = {
			isa = XCConfigurationList;
			buildConfigurations = (
				C7647FD31F86074700B24267 /* Debug */,
				C7647FD41F86074700B24267 /* Release */,
			);
			defaultConfigurationIsVisible = 0;
		};
/* End XCConfigurationList section */
	};
	rootObject = C7647FB81F86074700B24267 /* Project object */;
}
